{
  "name": "react-js-to-ts",
  "version": "1.2.0",
  "lockfileVersion": 1,
  "requires": true,
  "dependencies": {
    "@types/lodash": {
      "version": "4.14.93",
      "resolved": "https://registry.npmjs.org/@types/lodash/-/lodash-4.14.93.tgz",
      "integrity": "sha512-xI9Il9Fqxse5hSh6bVwowEC5RXyEVJ2hssRJXANU70H/+NlirvsNi87JjvGMxtn6yTemyUPkkzSl9SCKFW4U3g==",
      "dev": true
    },
    "lodash": {
      "version": "4.17.4",
      "resolved": "https://registry.npmjs.org/lodash/-/lodash-4.17.4.tgz",
      "integrity": "sha1-eCA6TRwyiuHYbcpkYONptX9AVa4="
    },
    "typescript": {
      "version": "2.6.2",
      "resolved": "https://registry.npmjs.org/typescript/-/typescript-2.6.2.tgz",
      "integrity": "sha1-PFtv1/beCRQmkCfwPAlGdY92c6Q="
    }
  }
}
